
Microsoft Visual Studio Solution File, Format Version 12.00
# Visual Studio 15
VisualStudioVersion = 15.0.28010.2003
MinimumVisualStudioVersion = 10.0.40219.1
Project("{FAE04EC0-301F-11D3-BF4B-00C04F79EFBC}") = "Demo.AspNetCore.Mvc.Http2", "Demo.AspNetCore.Mvc.Http2\Demo.AspNetCore.Mvc.Http2.csproj", "{55A0E5E8-5245-4859-8142-7777D5DBB8F4}"
EndProject
Global
	GlobalSection(SolutionConfigurationPlatforms) = preSolution
		Debug|Any CPU = Debug|Any CPU
		Release|Any CPU = Release|Any CPU
	EndGlobalSection
	GlobalSection(ProjectConfigurationPlatforms) = postSolution
		{55A0E5E8-5245-4859-8142-7777D5DBB8F4}.Debug|Any CPU.ActiveCfg = Debug|Any CPU
		{55A0E5E8-5245-4859-8142-7777D5DBB8F4}.Debug|Any CPU.Build.0 = Debug|Any CPU
		{55A0E5E8-5245-4859-8142-7777D5DBB8F4}.Release|Any CPU.ActiveCfg = Release|Any CPU
		{55A0E5E8-5245-4859-8142-7777D5DBB8F4}.Release|Any CPU.Build.0 = Release|Any CPU
	EndGlobalSection
	GlobalSection(SolutionProperties) = preSolution
		HideSolutionNode = FALSE
	EndGlobalSection
	GlobalSection(ExtensibilityGlobals) = postSolution
		SolutionGuid = {A837D2A1-FE66-4C69-8867-6C1731EC8DE3}
	EndGlobalSection
EndGlobal
